
Microsoft Visual Studio Solution File, Format Version 12.00
# Visual Studio Version 17
VisualStudioVersion = 17.3.32811.315
MinimumVisualStudioVersion = 10.0.40219.1
Project("{9A19103F-16F7-4668-BE54-9A1E7A4F7556}") = "Crud.Web", "Crud.Web\Crud.Web.csproj", "{C9EC1F19-DC31-4D68-9E64-CBAD660A2810}"
EndProject
Project("{9A19103F-16F7-4668-BE54-9A1E7A4F7556}") = "Crud.Infrastructure", "Crud.Infrastructure\Crud.Infrastructure.csproj", "{B0D5248E-5745-4709-947E-B69373C97AC4}"
EndProject
Project("{9A19103F-16F7-4668-BE54-9A1E7A4F7556}") = "Crud.Domain", "Crud.Domain\Crud.Domain.csproj", "{CC465110-AE39-493B-A9D9-A98D07912A0C}"
EndProject
Project("{2150E333-8FDC-42A3-9474-1A3956D46DE8}") = "Solution Items", "Solution Items", "{8C180BED-B067-4BC6-8241-AA776F643342}"
	ProjectSection(SolutionItems) = preProject
		DDD-NET-Architecture-Diagram.png = DDD-NET-Architecture-Diagram.png
		DDD_NLAYER_ARCHITECTURE_SMALL-V2.png = DDD_NLAYER_ARCHITECTURE_SMALL-V2.png
		Info.txt = Info.txt
		Layers-взаимодейстиве между слоями.png = Layers-взаимодейстиве между слоями.png
		гайд по формату файлов.png = гайд по формату файлов.png
	EndProjectSection
EndProject
Project("{9A19103F-16F7-4668-BE54-9A1E7A4F7556}") = "Crud.Application", "Crud.Application\Crud.Application.csproj", "{4A12DF9F-70B4-4BA3-B3D8-AE6A6DB991B7}"
EndProject
Project("{2150E333-8FDC-42A3-9474-1A3956D46DE8}") = "src", "src", "{F6110BE5-0A8D-4CFA-AB1E-6B4D8B3C90F4}"
EndProject
Project("{2150E333-8FDC-42A3-9474-1A3956D46DE8}") = "Infrastructure", "Infrastructure", "{EC0F4279-286A-4E51-B99F-120E8E237845}"
EndProject
Project("{FAE04EC0-301F-11D3-BF4B-00C04F79EFBC}") = "ConsoleTest2", "ConsoleTest2\ConsoleTest2.csproj", "{52AD30F9-919A-47DD-A605-11CE8983AC25}"
EndProject
Global
	GlobalSection(SolutionConfigurationPlatforms) = preSolution
		Debug|Any CPU = Debug|Any CPU
		Release|Any CPU = Release|Any CPU
	EndGlobalSection
	GlobalSection(ProjectConfigurationPlatforms) = postSolution
		{C9EC1F19-DC31-4D68-9E64-CBAD660A2810}.Debug|Any CPU.ActiveCfg = Debug|Any CPU
		{C9EC1F19-DC31-4D68-9E64-CBAD660A2810}.Debug|Any CPU.Build.0 = Debug|Any CPU
		{C9EC1F19-DC31-4D68-9E64-CBAD660A2810}.Release|Any CPU.ActiveCfg = Release|Any CPU
		{C9EC1F19-DC31-4D68-9E64-CBAD660A2810}.Release|Any CPU.Build.0 = Release|Any CPU
		{B0D5248E-5745-4709-947E-B69373C97AC4}.Debug|Any CPU.ActiveCfg = Debug|Any CPU
		{B0D5248E-5745-4709-947E-B69373C97AC4}.Debug|Any CPU.Build.0 = Debug|Any CPU
		{B0D5248E-5745-4709-947E-B69373C97AC4}.Release|Any CPU.ActiveCfg = Release|Any CPU
		{B0D5248E-5745-4709-947E-B69373C97AC4}.Release|Any CPU.Build.0 = Release|Any CPU
		{CC465110-AE39-493B-A9D9-A98D07912A0C}.Debug|Any CPU.ActiveCfg = Debug|Any CPU
		{CC465110-AE39-493B-A9D9-A98D07912A0C}.Debug|Any CPU.Build.0 = Debug|Any CPU
		{CC465110-AE39-493B-A9D9-A98D07912A0C}.Release|Any CPU.ActiveCfg = Release|Any CPU
		{CC465110-AE39-493B-A9D9-A98D07912A0C}.Release|Any CPU.Build.0 = Release|Any CPU
		{4A12DF9F-70B4-4BA3-B3D8-AE6A6DB991B7}.Debug|Any CPU.ActiveCfg = Debug|Any CPU
		{4A12DF9F-70B4-4BA3-B3D8-AE6A6DB991B7}.Debug|Any CPU.Build.0 = Debug|Any CPU
		{4A12DF9F-70B4-4BA3-B3D8-AE6A6DB991B7}.Release|Any CPU.ActiveCfg = Release|Any CPU
		{4A12DF9F-70B4-4BA3-B3D8-AE6A6DB991B7}.Release|Any CPU.Build.0 = Release|Any CPU
		{52AD30F9-919A-47DD-A605-11CE8983AC25}.Debug|Any CPU.ActiveCfg = Debug|Any CPU
		{52AD30F9-919A-47DD-A605-11CE8983AC25}.Debug|Any CPU.Build.0 = Debug|Any CPU
		{52AD30F9-919A-47DD-A605-11CE8983AC25}.Release|Any CPU.ActiveCfg = Release|Any CPU
		{52AD30F9-919A-47DD-A605-11CE8983AC25}.Release|Any CPU.Build.0 = Release|Any CPU
	EndGlobalSection
	GlobalSection(SolutionProperties) = preSolution
		HideSolutionNode = FALSE
	EndGlobalSection
	GlobalSection(NestedProjects) = preSolution
		{C9EC1F19-DC31-4D68-9E64-CBAD660A2810} = {F6110BE5-0A8D-4CFA-AB1E-6B4D8B3C90F4}
		{B0D5248E-5745-4709-947E-B69373C97AC4} = {EC0F4279-286A-4E51-B99F-120E8E237845}
		{CC465110-AE39-493B-A9D9-A98D07912A0C} = {F6110BE5-0A8D-4CFA-AB1E-6B4D8B3C90F4}
		{4A12DF9F-70B4-4BA3-B3D8-AE6A6DB991B7} = {F6110BE5-0A8D-4CFA-AB1E-6B4D8B3C90F4}
		{EC0F4279-286A-4E51-B99F-120E8E237845} = {F6110BE5-0A8D-4CFA-AB1E-6B4D8B3C90F4}
	EndGlobalSection
	GlobalSection(ExtensibilityGlobals) = postSolution
		SolutionGuid = {59A753DB-32D3-48D9-97A0-CEF341D277C7}
	EndGlobalSection
EndGlobal
